// !$*UTF8*$!
{
	archiveVersion = 1;
	classes = {
	};
	objectVersion = 52;
	objects = {

/* Begin PBXBuildFile section */
		30045BBA23902DAE00B48D1D /* ProgressBarView.swift in Sources */ = {isa = PBXBuildFile; fileRef = 30045BB923902DAE00B48D1D /* ProgressBarView.swift */; };
		30045BBC2390355D00B48D1D /* TeamHeaderView.swift in Sources */ = {isa = PBXBuildFile; fileRef = 30045BBB2390355D00B48D1D /* TeamHeaderView.swift */; };
		3014EACD235D4C5D004F428F /* AppDelegate.swift in Sources */ = {isa = PBXBuildFile; fileRef = 3014EACC235D4C5D004F428F /* AppDelegate.swift */; };
		3014EAD0235D4C5D004F428F /* TeamApp.xcdatamodeld in Sources */ = {isa = PBXBuildFile; fileRef = 3014EACE235D4C5D004F428F /* TeamApp.xcdatamodeld */; };
		3014EAD2235D4C5D004F428F /* SceneDelegate.swift in Sources */ = {isa = PBXBuildFile; fileRef = 3014EAD1235D4C5D004F428F /* SceneDelegate.swift */; };
		3014EAD6235D4C5D004F428F /* ContentView.swift in Sources */ = {isa = PBXBuildFile; fileRef = 3014EAD5235D4C5D004F428F /* ContentView.swift */; };
		3014EAD8235D4C5E004F428F /* Assets.xcassets in Resources */ = {isa = PBXBuildFile; fileRef = 3014EAD7235D4C5E004F428F /* Assets.xcassets */; };
		3014EADB235D4C5E004F428F /* Preview Assets.xcassets in Resources */ = {isa = PBXBuildFile; fileRef = 3014EADA235D4C5E004F428F /* Preview Assets.xcassets */; };
		3014EADE235D4C5E004F428F /* LaunchScreen.storyboard in Resources */ = {isa = PBXBuildFile; fileRef = 3014EADC235D4C5E004F428F /* LaunchScreen.storyboard */; };
		301F7B54238A2A0B0049CCF2 /* EmptyDetailView.swift in Sources */ = {isa = PBXBuildFile; fileRef = 301F7B53238A2A0B0049CCF2 /* EmptyDetailView.swift */; };
		301F7B56238A2AE00049CCF2 /* BigImageInfoView.swift in Sources */ = {isa = PBXBuildFile; fileRef = 301F7B55238A2AE00049CCF2 /* BigImageInfoView.swift */; };
		3037CE3023901E6F0099844A /* ShareButton.swift in Sources */ = {isa = PBXBuildFile; fileRef = 3037CE2F23901E6F0099844A /* ShareButton.swift */; };
		30472DFA2389391A0032FEC0 /* CalculatedTeamsView.swift in Sources */ = {isa = PBXBuildFile; fileRef = 30472DF92389391A0032FEC0 /* CalculatedTeamsView.swift */; };
		30472DFC238946920032FEC0 /* PlayerListItemViewSelectable.swift in Sources */ = {isa = PBXBuildFile; fileRef = 30472DFB238946920032FEC0 /* PlayerListItemViewSelectable.swift */; };
		30472E00238980630032FEC0 /* Formatters+Extension.swift in Sources */ = {isa = PBXBuildFile; fileRef = 30472DFF238980630032FEC0 /* Formatters+Extension.swift */; };
		30472E032389887F0032FEC0 /* Localizable.stringsdict in Resources */ = {isa = PBXBuildFile; fileRef = 30472E052389887F0032FEC0 /* Localizable.stringsdict */; };
		30472E08238998620032FEC0 /* ShareSheet.swift in Sources */ = {isa = PBXBuildFile; fileRef = 30472E07238998620032FEC0 /* ShareSheet.swift */; };
		3078EF532366F9A400CB94D9 /* CloudKit.framework in Frameworks */ = {isa = PBXBuildFile; fileRef = 3078EF522366F9A400CB94D9 /* CloudKit.framework */; };
		307A6AB823ECB47E0094DFD4 /* InfoPlist.strings in Resources */ = {isa = PBXBuildFile; fileRef = 307A6ABA23ECB47E0094DFD4 /* InfoPlist.strings */; };
		307CFA4F2428FCCE00DE0DC0 /* ViewModifiers.swift in Sources */ = {isa = PBXBuildFile; fileRef = 307CFA4E2428FCCE00DE0DC0 /* ViewModifiers.swift */; };
		30811AB3238875D60095B3BA /* PlayerListItemView.swift in Sources */ = {isa = PBXBuildFile; fileRef = 30811AB2238875D60095B3BA /* PlayerListItemView.swift */; };
		30811AC023888CBB0095B3BA /* ButtonStyles.swift in Sources */ = {isa = PBXBuildFile; fileRef = 30811ABF23888CBB0095B3BA /* ButtonStyles.swift */; };
		30A13BF32383F09F001C43CA /* TeamAppCore.swift in Sources */ = {isa = PBXBuildFile; fileRef = 30A13BF22383F09F001C43CA /* TeamAppCore.swift */; };
		30C02E192385E444009CC2DF /* Player+Extension.swift in Sources */ = {isa = PBXBuildFile; fileRef = 30C02E182385E444009CC2DF /* Player+Extension.swift */; };
		30C02E222385EC8D009CC2DF /* Localizable.strings in Resources */ = {isa = PBXBuildFile; fileRef = 30C02E242385EC8D009CC2DF /* Localizable.strings */; };
		30C02E262385ED72009CC2DF /* PlayersListView.swift in Sources */ = {isa = PBXBuildFile; fileRef = 30C02E252385ED72009CC2DF /* PlayersListView.swift */; };
		30C02E292385EDE9009CC2DF /* CreatePlayerView.swift in Sources */ = {isa = PBXBuildFile; fileRef = 30C02E282385EDE9009CC2DF /* CreatePlayerView.swift */; };
		30DE86C2238735CD00ED0B6D /* RingView.swift in Sources */ = {isa = PBXBuildFile; fileRef = 30DE86C1238735CD00ED0B6D /* RingView.swift */; };
/* End PBXBuildFile section */

/* Begin PBXFileReference section */
		30045BB923902DAE00B48D1D /* ProgressBarView.swift */ = {isa = PBXFileReference; lastKnownFileType = sourcecode.swift; path = ProgressBarView.swift; sourceTree = "<group>"; };
		30045BBB2390355D00B48D1D /* TeamHeaderView.swift */ = {isa = PBXFileReference; fileEncoding = 4; lastKnownFileType = sourcecode.swift; path = TeamHeaderView.swift; sourceTree = "<group>"; };
		3014EAC9235D4C5D004F428F /* TeamApp.app */ = {isa = PBXFileReference; explicitFileType = wrapper.application; includeInIndex = 0; path = TeamApp.app; sourceTree = BUILT_PRODUCTS_DIR; };
		3014EACC235D4C5D004F428F /* AppDelegate.swift */ = {isa = PBXFileReference; lastKnownFileType = sourcecode.swift; path = AppDelegate.swift; sourceTree = "<group>"; };
		3014EACF235D4C5D004F428F /* TeamApp.xcdatamodel */ = {isa = PBXFileReference; lastKnownFileType = wrapper.xcdatamodel; path = TeamApp.xcdatamodel; sourceTree = "<group>"; };
		3014EAD1235D4C5D004F428F /* SceneDelegate.swift */ = {isa = PBXFileReference; lastKnownFileType = sourcecode.swift; path = SceneDelegate.swift; sourceTree = "<group>"; };
		3014EAD5235D4C5D004F428F /* ContentView.swift */ = {isa = PBXFileReference; lastKnownFileType = sourcecode.swift; path = ContentView.swift; sourceTree = "<group>"; };
		3014EAD7235D4C5E004F428F /* Assets.xcassets */ = {isa = PBXFileReference; lastKnownFileType = folder.assetcatalog; path = Assets.xcassets; sourceTree = "<group>"; };
		3014EADA235D4C5E004F428F /* Preview Assets.xcassets */ = {isa = PBXFileReference; lastKnownFileType = folder.assetcatalog; path = "Preview Assets.xcassets"; sourceTree = "<group>"; };
		3014EADD235D4C5E004F428F /* Base */ = {isa = PBXFileReference; lastKnownFileType = file.storyboard; name = Base; path = Base.lproj/LaunchScreen.storyboard; sourceTree = "<group>"; };
		3014EADF235D4C5E004F428F /* Info.plist */ = {isa = PBXFileReference; lastKnownFileType = text.plist.xml; path = Info.plist; sourceTree = "<group>"; };
		301F7B53238A2A0B0049CCF2 /* EmptyDetailView.swift */ = {isa = PBXFileReference; lastKnownFileType = sourcecode.swift; path = EmptyDetailView.swift; sourceTree = "<group>"; };
		301F7B55238A2AE00049CCF2 /* BigImageInfoView.swift */ = {isa = PBXFileReference; lastKnownFileType = sourcecode.swift; path = BigImageInfoView.swift; sourceTree = "<group>"; };
		3037CE2F23901E6F0099844A /* ShareButton.swift */ = {isa = PBXFileReference; lastKnownFileType = sourcecode.swift; path = ShareButton.swift; sourceTree = "<group>"; };
		30472DF92389391A0032FEC0 /* CalculatedTeamsView.swift */ = {isa = PBXFileReference; lastKnownFileType = sourcecode.swift; path = CalculatedTeamsView.swift; sourceTree = "<group>"; };
		30472DFB238946920032FEC0 /* PlayerListItemViewSelectable.swift */ = {isa = PBXFileReference; fileEncoding = 4; lastKnownFileType = sourcecode.swift; path = PlayerListItemViewSelectable.swift; sourceTree = "<group>"; };
		30472DFF238980630032FEC0 /* Formatters+Extension.swift */ = {isa = PBXFileReference; lastKnownFileType = sourcecode.swift; path = "Formatters+Extension.swift"; sourceTree = "<group>"; };
		30472E042389887F0032FEC0 /* en */ = {isa = PBXFileReference; lastKnownFileType = text.plist.stringsdict; name = en; path = en.lproj/Localizable.stringsdict; sourceTree = "<group>"; };
		30472E07238998620032FEC0 /* ShareSheet.swift */ = {isa = PBXFileReference; lastKnownFileType = sourcecode.swift; path = ShareSheet.swift; sourceTree = "<group>"; };
		3078EF502366F99500CB94D9 /* TeamApp.entitlements */ = {isa = PBXFileReference; lastKnownFileType = text.plist.entitlements; path = TeamApp.entitlements; sourceTree = "<group>"; };
		3078EF522366F9A400CB94D9 /* CloudKit.framework */ = {isa = PBXFileReference; lastKnownFileType = wrapper.framework; name = CloudKit.framework; path = System/Library/Frameworks/CloudKit.framework; sourceTree = SDKROOT; };
		307A6AB923ECB47E0094DFD4 /* fa */ = {isa = PBXFileReference; lastKnownFileType = text.plist.strings; name = fa; path = fa.lproj/InfoPlist.strings; sourceTree = "<group>"; };
		307A6ABB23ECB4920094DFD4 /* en */ = {isa = PBXFileReference; lastKnownFileType = text.plist.strings; name = en; path = en.lproj/InfoPlist.strings; sourceTree = "<group>"; };
		307A6ABC23ECB5150094DFD4 /* fr */ = {isa = PBXFileReference; lastKnownFileType = text.plist.strings; name = fr; path = fr.lproj/Localizable.strings; sourceTree = "<group>"; };
		307A6ABD23ECB5150094DFD4 /* fr */ = {isa = PBXFileReference; lastKnownFileType = text.plist.stringsdict; name = fr; path = fr.lproj/Localizable.stringsdict; sourceTree = "<group>"; };
		307A6ABE23ECB5150094DFD4 /* fr */ = {isa = PBXFileReference; lastKnownFileType = text.plist.strings; name = fr; path = fr.lproj/InfoPlist.strings; sourceTree = "<group>"; };
		307A6ABF23ECB9B40094DFD4 /* es */ = {isa = PBXFileReference; lastKnownFileType = text.plist.strings; name = es; path = es.lproj/Localizable.strings; sourceTree = "<group>"; };
		307A6AC023ECB9B40094DFD4 /* es */ = {isa = PBXFileReference; lastKnownFileType = text.plist.stringsdict; name = es; path = es.lproj/Localizable.stringsdict; sourceTree = "<group>"; };
		307A6AC123ECB9B40094DFD4 /* es */ = {isa = PBXFileReference; lastKnownFileType = text.plist.strings; name = es; path = es.lproj/InfoPlist.strings; sourceTree = "<group>"; };
		307CFA4E2428FCCE00DE0DC0 /* ViewModifiers.swift */ = {isa = PBXFileReference; lastKnownFileType = sourcecode.swift; path = ViewModifiers.swift; sourceTree = "<group>"; };
		30811AB2238875D60095B3BA /* PlayerListItemView.swift */ = {isa = PBXFileReference; lastKnownFileType = sourcecode.swift; path = PlayerListItemView.swift; sourceTree = "<group>"; };
		30811ABF23888CBB0095B3BA /* ButtonStyles.swift */ = {isa = PBXFileReference; lastKnownFileType = sourcecode.swift; path = ButtonStyles.swift; sourceTree = "<group>"; };
		30A13BF22383F09F001C43CA /* TeamAppCore.swift */ = {isa = PBXFileReference; lastKnownFileType = sourcecode.swift; path = TeamAppCore.swift; sourceTree = "<group>"; };
		30C02E182385E444009CC2DF /* Player+Extension.swift */ = {isa = PBXFileReference; lastKnownFileType = sourcecode.swift; path = "Player+Extension.swift"; sourceTree = "<group>"; };
		30C02E232385EC8D009CC2DF /* en */ = {isa = PBXFileReference; lastKnownFileType = text.plist.strings; name = en; path = en.lproj/Localizable.strings; sourceTree = "<group>"; };
		30C02E252385ED72009CC2DF /* PlayersListView.swift */ = {isa = PBXFileReference; lastKnownFileType = sourcecode.swift; path = PlayersListView.swift; sourceTree = "<group>"; };
		30C02E282385EDE9009CC2DF /* CreatePlayerView.swift */ = {isa = PBXFileReference; lastKnownFileType = sourcecode.swift; path = CreatePlayerView.swift; sourceTree = "<group>"; };
		30DE86C1238735CD00ED0B6D /* RingView.swift */ = {isa = PBXFileReference; lastKnownFileType = sourcecode.swift; path = RingView.swift; sourceTree = "<group>"; };
		30E2E78423EC729300390488 /* v2.rating.20.xcdatamodel */ = {isa = PBXFileReference; lastKnownFileType = wrapper.xcdatamodel; path = v2.rating.20.xcdatamodel; sourceTree = "<group>"; };
		30E2E78723EC984400390488 /* fa */ = {isa = PBXFileReference; lastKnownFileType = text.plist.strings; name = fa; path = fa.lproj/Localizable.strings; sourceTree = "<group>"; };
		30E2E78823EC984400390488 /* fa */ = {isa = PBXFileReference; lastKnownFileType = text.plist.stringsdict; name = fa; path = fa.lproj/Localizable.stringsdict; sourceTree = "<group>"; };
/* End PBXFileReference section */

/* Begin PBXFrameworksBuildPhase section */
		3014EAC6235D4C5D004F428F /* Frameworks */ = {
			isa = PBXFrameworksBuildPhase;
			buildActionMask = 2147483647;
			files = (
				3078EF532366F9A400CB94D9 /* CloudKit.framework in Frameworks */,
			);
			runOnlyForDeploymentPostprocessing = 0;
		};
/* End PBXFrameworksBuildPhase section */

/* Begin PBXGroup section */
		3014EAC0235D4C5D004F428F = {
			isa = PBXGroup;
			children = (
				3014EACB235D4C5D004F428F /* TeamApp */,
				3014EACA235D4C5D004F428F /* Products */,
				3078EF512366F9A400CB94D9 /* Frameworks */,
			);
			sourceTree = "<group>";
		};
		3014EACA235D4C5D004F428F /* Products */ = {
			isa = PBXGroup;
			children = (
				3014EAC9235D4C5D004F428F /* TeamApp.app */,
			);
			name = Products;
			sourceTree = "<group>";
		};
		3014EACB235D4C5D004F428F /* TeamApp */ = {
			isa = PBXGroup;
			children = (
				30C02E272385ED7F009CC2DF /* View */,
				30C02E1E2385EBAD009CC2DF /* AppScene */,
				30C02E1D2385EB98009CC2DF /* Model */,
				3014EAD9235D4C5E004F428F /* Preview Content */,
				30C02E1C2385EB86009CC2DF /* Supporting Files */,
			);
			path = TeamApp;
			sourceTree = "<group>";
		};
		3014EAD9235D4C5E004F428F /* Preview Content */ = {
			isa = PBXGroup;
			children = (
				3014EADA235D4C5E004F428F /* Preview Assets.xcassets */,
			);
			path = "Preview Content";
			sourceTree = "<group>";
		};
		30472E062389984C0032FEC0 /* Representable */ = {
			isa = PBXGroup;
			children = (
				30472E07238998620032FEC0 /* ShareSheet.swift */,
			);
			path = Representable;
			sourceTree = "<group>";
		};
		3078EF512366F9A400CB94D9 /* Frameworks */ = {
			isa = PBXGroup;
			children = (
				3078EF522366F9A400CB94D9 /* CloudKit.framework */,
			);
			name = Frameworks;
			sourceTree = "<group>";
		};
		30811AB6238880A70095B3BA /* Extensions */ = {
			isa = PBXGroup;
			children = (
				30811ABF23888CBB0095B3BA /* ButtonStyles.swift */,
				30472DFF238980630032FEC0 /* Formatters+Extension.swift */,
				307CFA4E2428FCCE00DE0DC0 /* ViewModifiers.swift */,
			);
			path = Extensions;
			sourceTree = "<group>";
		};
		30C02E1C2385EB86009CC2DF /* Supporting Files */ = {
			isa = PBXGroup;
			children = (
				3078EF502366F99500CB94D9 /* TeamApp.entitlements */,
				3014EADF235D4C5E004F428F /* Info.plist */,
				30C02E1F2385EC3E009CC2DF /* Resources */,
				3014EADC235D4C5E004F428F /* LaunchScreen.storyboard */,
				30811AB6238880A70095B3BA /* Extensions */,
			);
			path = "Supporting Files";
			sourceTree = "<group>";
		};
		30C02E1D2385EB98009CC2DF /* Model */ = {
			isa = PBXGroup;
			children = (
				30A13BF22383F09F001C43CA /* TeamAppCore.swift */,
				30C02E182385E444009CC2DF /* Player+Extension.swift */,
				3014EACE235D4C5D004F428F /* TeamApp.xcdatamodeld */,
			);
			path = Model;
			sourceTree = "<group>";
		};
		30C02E1E2385EBAD009CC2DF /* AppScene */ = {
			isa = PBXGroup;
			children = (
				3014EACC235D4C5D004F428F /* AppDelegate.swift */,
				3014EAD1235D4C5D004F428F /* SceneDelegate.swift */,
			);
			path = AppScene;
			sourceTree = "<group>";
		};
		30C02E1F2385EC3E009CC2DF /* Resources */ = {
			isa = PBXGroup;
			children = (
				3014EAD7235D4C5E004F428F /* Assets.xcassets */,
				30C02E242385EC8D009CC2DF /* Localizable.strings */,
				30472E052389887F0032FEC0 /* Localizable.stringsdict */,
				307A6ABA23ECB47E0094DFD4 /* InfoPlist.strings */,
			);
			path = Resources;
			sourceTree = "<group>";
		};
		30C02E272385ED7F009CC2DF /* View */ = {
			isa = PBXGroup;
			children = (
				301F7B55238A2AE00049CCF2 /* BigImageInfoView.swift */,
				30472DF92389391A0032FEC0 /* CalculatedTeamsView.swift */,
				3014EAD5235D4C5D004F428F /* ContentView.swift */,
				30C02E282385EDE9009CC2DF /* CreatePlayerView.swift */,
				301F7B53238A2A0B0049CCF2 /* EmptyDetailView.swift */,
				30811AB2238875D60095B3BA /* PlayerListItemView.swift */,
				30472DFB238946920032FEC0 /* PlayerListItemViewSelectable.swift */,
				30C02E252385ED72009CC2DF /* PlayersListView.swift */,
				30045BB923902DAE00B48D1D /* ProgressBarView.swift */,
				30DE86C1238735CD00ED0B6D /* RingView.swift */,
				3037CE2F23901E6F0099844A /* ShareButton.swift */,
				30045BBB2390355D00B48D1D /* TeamHeaderView.swift */,
				30472E062389984C0032FEC0 /* Representable */,
			);
			path = View;
			sourceTree = "<group>";
		};
/* End PBXGroup section */

/* Begin PBXNativeTarget section */
		3014EAC8235D4C5D004F428F /* TeamApp */ = {
			isa = PBXNativeTarget;
			buildConfigurationList = 3014EAE2235D4C5E004F428F /* Build configuration list for PBXNativeTarget "TeamApp" */;
			buildPhases = (
				3014EAC5235D4C5D004F428F /* Sources */,
				3014EAC6235D4C5D004F428F /* Frameworks */,
				3014EAC7235D4C5D004F428F /* Resources */,
			);
			buildRules = (
			);
			dependencies = (
			);
			name = TeamApp;
			productName = TeamApp;
			productReference = 3014EAC9235D4C5D004F428F /* TeamApp.app */;
			productType = "com.apple.product-type.application";
		};
/* End PBXNativeTarget section */

/* Begin PBXProject section */
		3014EAC1235D4C5D004F428F /* Project object */ = {
			isa = PBXProject;
			attributes = {
				LastSwiftUpdateCheck = 1110;
				LastUpgradeCheck = 1110;
				ORGANIZATIONNAME = "Saeed Taheri";
				TargetAttributes = {
					3014EAC8235D4C5D004F428F = {
						CreatedOnToolsVersion = 11.1;
					};
				};
			};
			buildConfigurationList = 3014EAC4235D4C5D004F428F /* Build configuration list for PBXProject "TeamApp" */;
			compatibilityVersion = "Xcode 11.0";
			developmentRegion = en;
			hasScannedForEncodings = 0;
			knownRegions = (
				en,
				Base,
				fa,
				fr,
				es,
			);
			mainGroup = 3014EAC0235D4C5D004F428F;
			productRefGroup = 3014EACA235D4C5D004F428F /* Products */;
			projectDirPath = "";
			projectRoot = "";
			targets = (
				3014EAC8235D4C5D004F428F /* TeamApp */,
			);
		};
/* End PBXProject section */

/* Begin PBXResourcesBuildPhase section */
		3014EAC7235D4C5D004F428F /* Resources */ = {
			isa = PBXResourcesBuildPhase;
			buildActionMask = 2147483647;
			files = (
				3014EADE235D4C5E004F428F /* LaunchScreen.storyboard in Resources */,
				307A6AB823ECB47E0094DFD4 /* InfoPlist.strings in Resources */,
				30C02E222385EC8D009CC2DF /* Localizable.strings in Resources */,
				3014EADB235D4C5E004F428F /* Preview Assets.xcassets in Resources */,
				30472E032389887F0032FEC0 /* Localizable.stringsdict in Resources */,
				3014EAD8235D4C5E004F428F /* Assets.xcassets in Resources */,
			);
			runOnlyForDeploymentPostprocessing = 0;
		};
/* End PBXResourcesBuildPhase section */

/* Begin PBXSourcesBuildPhase section */
		3014EAC5235D4C5D004F428F /* Sources */ = {
			isa = PBXSourcesBuildPhase;
			buildActionMask = 2147483647;
			files = (
				3037CE3023901E6F0099844A /* ShareButton.swift in Sources */,
				30DE86C2238735CD00ED0B6D /* RingView.swift in Sources */,
				30C02E192385E444009CC2DF /* Player+Extension.swift in Sources */,
				3014EAD6235D4C5D004F428F /* ContentView.swift in Sources */,
				30472DFA2389391A0032FEC0 /* CalculatedTeamsView.swift in Sources */,
				30045BBA23902DAE00B48D1D /* ProgressBarView.swift in Sources */,
				30472E08238998620032FEC0 /* ShareSheet.swift in Sources */,
				3014EAD0235D4C5D004F428F /* TeamApp.xcdatamodeld in Sources */,
				30A13BF32383F09F001C43CA /* TeamAppCore.swift in Sources */,
				301F7B56238A2AE00049CCF2 /* BigImageInfoView.swift in Sources */,
				3014EACD235D4C5D004F428F /* AppDelegate.swift in Sources */,
				301F7B54238A2A0B0049CCF2 /* EmptyDetailView.swift in Sources */,
				30C02E292385EDE9009CC2DF /* CreatePlayerView.swift in Sources */,
				30811AB3238875D60095B3BA /* PlayerListItemView.swift in Sources */,
				3014EAD2235D4C5D004F428F /* SceneDelegate.swift in Sources */,
				307CFA4F2428FCCE00DE0DC0 /* ViewModifiers.swift in Sources */,
				30811AC023888CBB0095B3BA /* ButtonStyles.swift in Sources */,
				30472E00238980630032FEC0 /* Formatters+Extension.swift in Sources */,
				30045BBC2390355D00B48D1D /* TeamHeaderView.swift in Sources */,
				30472DFC238946920032FEC0 /* PlayerListItemViewSelectable.swift in Sources */,
				30C02E262385ED72009CC2DF /* PlayersListView.swift in Sources */,
			);
			runOnlyForDeploymentPostprocessing = 0;
		};
/* End PBXSourcesBuildPhase section */

/* Begin PBXVariantGroup section */
		3014EADC235D4C5E004F428F /* LaunchScreen.storyboard */ = {
			isa = PBXVariantGroup;
			children = (
				3014EADD235D4C5E004F428F /* Base */,
			);
			name = LaunchScreen.storyboard;
			sourceTree = "<group>";
		};
		30472E052389887F0032FEC0 /* Localizable.stringsdict */ = {
			isa = PBXVariantGroup;
			children = (
				30472E042389887F0032FEC0 /* en */,
				30E2E78823EC984400390488 /* fa */,
				307A6ABD23ECB5150094DFD4 /* fr */,
				307A6AC023ECB9B40094DFD4 /* es */,
			);
			name = Localizable.stringsdict;
			sourceTree = "<group>";
		};
		307A6ABA23ECB47E0094DFD4 /* InfoPlist.strings */ = {
			isa = PBXVariantGroup;
			children = (
				307A6AB923ECB47E0094DFD4 /* fa */,
				307A6ABB23ECB4920094DFD4 /* en */,
				307A6ABE23ECB5150094DFD4 /* fr */,
				307A6AC123ECB9B40094DFD4 /* es */,
			);
			name = InfoPlist.strings;
			path = "TeamApp/Supporting Files/Resources";
			sourceTree = SOURCE_ROOT;
		};
		30C02E242385EC8D009CC2DF /* Localizable.strings */ = {
			isa = PBXVariantGroup;
			children = (
				30C02E232385EC8D009CC2DF /* en */,
				30E2E78723EC984400390488 /* fa */,
				307A6ABC23ECB5150094DFD4 /* fr */,
				307A6ABF23ECB9B40094DFD4 /* es */,
			);
			name = Localizable.strings;
			sourceTree = "<group>";
		};
/* End PBXVariantGroup section */

/* Begin XCBuildConfiguration section */
		3014EAE0235D4C5E004F428F /* Debug */ = {
			isa = XCBuildConfiguration;
			buildSettings = {
				ALWAYS_SEARCH_USER_PATHS = NO;
				CLANG_ANALYZER_LOCALIZABILITY_NONLOCALIZED = YES;
				CLANG_ANALYZER_NONNULL = YES;
				CLANG_ANALYZER_NUMBER_OBJECT_CONVERSION = YES_AGGRESSIVE;
				CLANG_CXX_LANGUAGE_STANDARD = "gnu++14";
				CLANG_CXX_LIBRARY = "libc++";
				CLANG_ENABLE_MODULES = YES;
				CLANG_ENABLE_OBJC_ARC = YES;
				CLANG_ENABLE_OBJC_WEAK = YES;
				CLANG_WARN_BLOCK_CAPTURE_AUTORELEASING = YES;
				CLANG_WARN_BOOL_CONVERSION = YES;
				CLANG_WARN_COMMA = YES;
				CLANG_WARN_CONSTANT_CONVERSION = YES;
				CLANG_WARN_DEPRECATED_OBJC_IMPLEMENTATIONS = YES;
				CLANG_WARN_DIRECT_OBJC_ISA_USAGE = YES_ERROR;
				CLANG_WARN_DOCUMENTATION_COMMENTS = YES;
				CLANG_WARN_EMPTY_BODY = YES;
				CLANG_WARN_ENUM_CONVERSION = YES;
				CLANG_WARN_INFINITE_RECURSION = YES;
				CLANG_WARN_INT_CONVERSION = YES;
				CLANG_WARN_NON_LITERAL_NULL_CONVERSION = YES;
				CLANG_WARN_OBJC_IMPLICIT_RETAIN_SELF = YES;
				CLANG_WARN_OBJC_LITERAL_CONVERSION = YES;
				CLANG_WARN_OBJC_ROOT_CLASS = YES_ERROR;
				CLANG_WARN_RANGE_LOOP_ANALYSIS = YES;
				CLANG_WARN_STRICT_PROTOTYPES = YES;
				CLANG_WARN_SUSPICIOUS_MOVE = YES;
				CLANG_WARN_UNGUARDED_AVAILABILITY = YES_AGGRESSIVE;
				CLANG_WARN_UNREACHABLE_CODE = YES;
				CLANG_WARN__DUPLICATE_METHOD_MATCH = YES;
				COPY_PHASE_STRIP = NO;
				DEBUG_INFORMATION_FORMAT = dwarf;
				ENABLE_STRICT_OBJC_MSGSEND = YES;
				ENABLE_TESTABILITY = YES;
				GCC_C_LANGUAGE_STANDARD = gnu11;
				GCC_DYNAMIC_NO_PIC = NO;
				GCC_NO_COMMON_BLOCKS = YES;
				GCC_OPTIMIZATION_LEVEL = 0;
				GCC_PREPROCESSOR_DEFINITIONS = (
					"DEBUG=1",
					"$(inherited)",
				);
				GCC_WARN_64_TO_32_BIT_CONVERSION = YES;
				GCC_WARN_ABOUT_RETURN_TYPE = YES_ERROR;
				GCC_WARN_UNDECLARED_SELECTOR = YES;
				GCC_WARN_UNINITIALIZED_AUTOS = YES_AGGRESSIVE;
				GCC_WARN_UNUSED_FUNCTION = YES;
				GCC_WARN_UNUSED_VARIABLE = YES;
				IPHONEOS_DEPLOYMENT_TARGET = 13.2;
				MTL_ENABLE_DEBUG_INFO = INCLUDE_SOURCE;
				MTL_FAST_MATH = YES;
				ONLY_ACTIVE_ARCH = YES;
				SDKROOT = iphoneos;
				SWIFT_ACTIVE_COMPILATION_CONDITIONS = DEBUG;
				SWIFT_OPTIMIZATION_LEVEL = "-Onone";
				iOS_Build = 2002061;
				iOS_Version = 1.2;
			};
			name = Debug;
		};
		3014EAE1235D4C5E004F428F /* Release */ = {
			isa = XCBuildConfiguration;
			buildSettings = {
				ALWAYS_SEARCH_USER_PATHS = NO;
				CLANG_ANALYZER_LOCALIZABILITY_NONLOCALIZED = YES;
				CLANG_ANALYZER_NONNULL = YES;
				CLANG_ANALYZER_NUMBER_OBJECT_CONVERSION = YES_AGGRESSIVE;
				CLANG_CXX_LANGUAGE_STANDARD = "gnu++14";
				CLANG_CXX_LIBRARY = "libc++";
				CLANG_ENABLE_MODULES = YES;
				CLANG_ENABLE_OBJC_ARC = YES;
				CLANG_ENABLE_OBJC_WEAK = YES;
				CLANG_WARN_BLOCK_CAPTURE_AUTORELEASING = YES;
				CLANG_WARN_BOOL_CONVERSION = YES;
				CLANG_WARN_COMMA = YES;
				CLANG_WARN_CONSTANT_CONVERSION = YES;
				CLANG_WARN_DEPRECATED_OBJC_IMPLEMENTATIONS = YES;
				CLANG_WARN_DIRECT_OBJC_ISA_USAGE = YES_ERROR;
				CLANG_WARN_DOCUMENTATION_COMMENTS = YES;
				CLANG_WARN_EMPTY_BODY = YES;
				CLANG_WARN_ENUM_CONVERSION = YES;
				CLANG_WARN_INFINITE_RECURSION = YES;
				CLANG_WARN_INT_CONVERSION = YES;
				CLANG_WARN_NON_LITERAL_NULL_CONVERSION = YES;
				CLANG_WARN_OBJC_IMPLICIT_RETAIN_SELF = YES;
				CLANG_WARN_OBJC_LITERAL_CONVERSION = YES;
				CLANG_WARN_OBJC_ROOT_CLASS = YES_ERROR;
				CLANG_WARN_RANGE_LOOP_ANALYSIS = YES;
				CLANG_WARN_STRICT_PROTOTYPES = YES;
				CLANG_WARN_SUSPICIOUS_MOVE = YES;
				CLANG_WARN_UNGUARDED_AVAILABILITY = YES_AGGRESSIVE;
				CLANG_WARN_UNREACHABLE_CODE = YES;
				CLANG_WARN__DUPLICATE_METHOD_MATCH = YES;
				COPY_PHASE_STRIP = NO;
				DEBUG_INFORMATION_FORMAT = "dwarf-with-dsym";
				ENABLE_NS_ASSERTIONS = NO;
				ENABLE_STRICT_OBJC_MSGSEND = YES;
				GCC_C_LANGUAGE_STANDARD = gnu11;
				GCC_NO_COMMON_BLOCKS = YES;
				GCC_WARN_64_TO_32_BIT_CONVERSION = YES;
				GCC_WARN_ABOUT_RETURN_TYPE = YES_ERROR;
				GCC_WARN_UNDECLARED_SELECTOR = YES;
				GCC_WARN_UNINITIALIZED_AUTOS = YES_AGGRESSIVE;
				GCC_WARN_UNUSED_FUNCTION = YES;
				GCC_WARN_UNUSED_VARIABLE = YES;
				IPHONEOS_DEPLOYMENT_TARGET = 13.2;
				MTL_ENABLE_DEBUG_INFO = NO;
				MTL_FAST_MATH = YES;
				SDKROOT = iphoneos;
				SWIFT_COMPILATION_MODE = wholemodule;
				SWIFT_OPTIMIZATION_LEVEL = "-O";
				VALIDATE_PRODUCT = YES;
				iOS_Build = 2002061;
				iOS_Version = 1.2;
			};
			name = Release;
		};
		3014EAE3235D4C5E004F428F /* Debug */ = {
			isa = XCBuildConfiguration;
			buildSettings = {
				ASSETCATALOG_COMPILER_APPICON_NAME = AppIcon;
				CODE_SIGN_ENTITLEMENTS = "TeamApp/Supporting Files/TeamApp.entitlements";
				CODE_SIGN_STYLE = Automatic;
				CURRENT_PROJECT_VERSION = $iOS_Build;
				DERIVE_MACCATALYST_PRODUCT_BUNDLE_IDENTIFIER = YES;
				DEVELOPMENT_ASSET_PATHS = "\"TeamApp/Preview Content\"";
				DEVELOPMENT_TEAM = CS7Q92U9AY;
				ENABLE_PREVIEWS = YES;
				INFOPLIST_FILE = "TeamApp/Supporting Files/Info.plist";
				LD_RUNPATH_SEARCH_PATHS = (
					"$(inherited)",
					"@executable_path/Frameworks",
				);
				MARKETING_VERSION = $iOS_Version;
				PRODUCT_BUNDLE_IDENTIFIER = com.saeedtaheri.TeamApp;
				PRODUCT_NAME = "$(TARGET_NAME)";
				SUPPORTS_MACCATALYST = YES;
				SWIFT_VERSION = 5.0;
				TARGETED_DEVICE_FAMILY = "1,2";
			};
			name = Debug;
		};
		3014EAE4235D4C5E004F428F /* Release */ = {
			isa = XCBuildConfiguration;
			buildSettings = {
				ASSETCATALOG_COMPILER_APPICON_NAME = AppIcon;
				CODE_SIGN_ENTITLEMENTS = "TeamApp/Supporting Files/TeamApp.entitlements";
				CODE_SIGN_STYLE = Automatic;
				CURRENT_PROJECT_VERSION = $iOS_Build;
				DERIVE_MACCATALYST_PRODUCT_BUNDLE_IDENTIFIER = YES;
				DEVELOPMENT_ASSET_PATHS = "\"TeamApp/Preview Content\"";
				DEVELOPMENT_TEAM = CS7Q92U9AY;
				ENABLE_PREVIEWS = YES;
				INFOPLIST_FILE = "TeamApp/Supporting Files/Info.plist";
				LD_RUNPATH_SEARCH_PATHS = (
					"$(inherited)",
					"@executable_path/Frameworks",
				);
				MARKETING_VERSION = $iOS_Version;
				PRODUCT_BUNDLE_IDENTIFIER = com.saeedtaheri.TeamApp;
				PRODUCT_NAME = "$(TARGET_NAME)";
				SUPPORTS_MACCATALYST = YES;
				SWIFT_VERSION = 5.0;
				TARGETED_DEVICE_FAMILY = "1,2";
			};
			name = Release;
		};
/* End XCBuildConfiguration section */

/* Begin XCConfigurationList section */
		3014EAC4235D4C5D004F428F /* Build configuration list for PBXProject "TeamApp" */ = {
			isa = XCConfigurationList;
			buildConfigurations = (
				3014EAE0235D4C5E004F428F /* Debug */,
				3014EAE1235D4C5E004F428F /* Release */,
			);
			defaultConfigurationIsVisible = 0;
			defaultConfigurationName = Release;
		};
		3014EAE2235D4C5E004F428F /* Build configuration list for PBXNativeTarget "TeamApp" */ = {
			isa = XCConfigurationList;
			buildConfigurations = (
				3014EAE3235D4C5E004F428F /* Debug */,
				3014EAE4235D4C5E004F428F /* Release */,
			);
			defaultConfigurationIsVisible = 0;
			defaultConfigurationName = Release;
		};
/* End XCConfigurationList section */

/* Begin XCVersionGroup section */
		3014EACE235D4C5D004F428F /* TeamApp.xcdatamodeld */ = {
			isa = XCVersionGroup;
			children = (
				30E2E78423EC729300390488 /* v2.rating.20.xcdatamodel */,
				3014EACF235D4C5D004F428F /* TeamApp.xcdatamodel */,
			);
			currentVersion = 30E2E78423EC729300390488 /* v2.rating.20.xcdatamodel */;
			path = TeamApp.xcdatamodeld;
			sourceTree = "<group>";
			versionGroupType = wrapper.xcdatamodel;
		};
/* End XCVersionGroup section */
	};
	rootObject = 3014EAC1235D4C5D004F428F /* Project object */;
}
